{
  "name": "cohort-2.0_responsive",
  "lockfileVersion": 3,
  "requires": true,
  "packages": {
    "": {
      "dependencies": {
        "@fontsource-variable/roboto-mono": "^5.2.8"
      }
    },
    "node_modules/@fontsource-variable/roboto-mono": {
      "version": "5.2.8",
      "resolved": "https://registry.npmjs.org/@fontsource-variable/roboto-mono/-/roboto-mono-5.2.8.tgz",
      "integrity": "sha512-6M2U3wGIUxYNKRrUoKls8BRRIPDA57T8J0agqwyDkiEHrLEEAqptsxcUl3eTm6tnRNEn6yEm4pCefvtnujebDA==",
      "license": "OFL-1.1",
      "funding": {
        "url": "https://github.com/sponsors/ayuhito"
      }
    }
  }
}
